
Microsoft Visual Studio Solution File, Format Version 12.00
# Visual Studio Version 17
VisualStudioVersion = 17.2.32630.192
MinimumVisualStudioVersion = 10.0.40219.1
Project("{8BC9CEB8-8B4A-11D0-8D11-00A0C91BC942}") = "Project1", "Project1\Project1.vcxproj", "{9AD59D10-A837-4A7F-A178-C0EC2A0B7B65}"
EndProject
Global
	GlobalSection(SolutionConfigurationPlatforms) = preSolution
		Debug|x64 = Debug|x64
		Debug|x86 = Debug|x86
		Release|x64 = Release|x64
		Release|x86 = Release|x86
	EndGlobalSection
	GlobalSection(ProjectConfigurationPlatforms) = postSolution
		{9AD59D10-A837-4A7F-A178-C0EC2A0B7B65}.Debug|x64.ActiveCfg = Debug|x64
		{9AD59D10-A837-4A7F-A178-C0EC2A0B7B65}.Debug|x64.Build.0 = Debug|x64
		{9AD59D10-A837-4A7F-A178-C0EC2A0B7B65}.Debug|x86.ActiveCfg = Debug|Win32
		{9AD59D10-A837-4A7F-A178-C0EC2A0B7B65}.Debug|x86.Build.0 = Debug|Win32
		{9AD59D10-A837-4A7F-A178-C0EC2A0B7B65}.Release|x64.ActiveCfg = Release|x64
		{9AD59D10-A837-4A7F-A178-C0EC2A0B7B65}.Release|x64.Build.0 = Release|x64
		{9AD59D10-A837-4A7F-A178-C0EC2A0B7B65}.Release|x86.ActiveCfg = Release|Win32
		{9AD59D10-A837-4A7F-A178-C0EC2A0B7B65}.Release|x86.Build.0 = Release|Win32
	EndGlobalSection
	GlobalSection(SolutionProperties) = preSolution
		HideSolutionNode = FALSE
	EndGlobalSection
	GlobalSection(ExtensibilityGlobals) = postSolution
		SolutionGuid = {F25D6059-7ACF-48D0-B335-012F51BBEEB7}
	EndGlobalSection
EndGlobal
