
Microsoft Visual Studio Solution File, Format Version 12.00
# Visual Studio Version 17
VisualStudioVersion = 17.2.32616.157
MinimumVisualStudioVersion = 10.0.40219.1
Project("{8BC9CEB8-8B4A-11D0-8D11-00A0C91BC942}") = "Exercise1", "Exercise1\Exercise1.vcxproj", "{6CA1A3A1-4B9B-435D-93A4-4AC72C23555A}"
EndProject
Project("{8BC9CEB8-8B4A-11D0-8D11-00A0C91BC942}") = "Exercise2", "Exercise2\Exercise2.vcxproj", "{681E2809-55DE-4553-BF6E-5AD58E168764}"
EndProject
Project("{8BC9CEB8-8B4A-11D0-8D11-00A0C91BC942}") = "Exercise3", "Exercise3\Exercise3.vcxproj", "{3BE773B5-6CC6-4D3A-865E-FE3510BF194E}"
EndProject
Project("{8BC9CEB8-8B4A-11D0-8D11-00A0C91BC942}") = "Exercise4", "Exercise4\Exercise4.vcxproj", "{AFF7E4EC-2B77-457D-AA97-FFD1271CF95D}"
EndProject
Project("{8BC9CEB8-8B4A-11D0-8D11-00A0C91BC942}") = "Exercise5", "Exercise5\Exercise5.vcxproj", "{764A7D4E-5177-441B-AF27-C926D1BFEDE0}"
EndProject
Project("{8BC9CEB8-8B4A-11D0-8D11-00A0C91BC942}") = "Exercise6", "Exercise6\Exercise6.vcxproj", "{E992BC0F-1DFF-4A03-8955-56201928920E}"
EndProject
Project("{8BC9CEB8-8B4A-11D0-8D11-00A0C91BC942}") = "Exercise7", "Exercise7\Exercise7.vcxproj", "{D47EA6C7-BE67-4BDF-ADFC-4F846D925375}"
EndProject
Global
	GlobalSection(SolutionConfigurationPlatforms) = preSolution
		Debug|x64 = Debug|x64
		Debug|x86 = Debug|x86
		Release|x64 = Release|x64
		Release|x86 = Release|x86
	EndGlobalSection
	GlobalSection(ProjectConfigurationPlatforms) = postSolution
		{6CA1A3A1-4B9B-435D-93A4-4AC72C23555A}.Debug|x64.ActiveCfg = Debug|x64
		{6CA1A3A1-4B9B-435D-93A4-4AC72C23555A}.Debug|x64.Build.0 = Debug|x64
		{6CA1A3A1-4B9B-435D-93A4-4AC72C23555A}.Debug|x86.ActiveCfg = Debug|Win32
		{6CA1A3A1-4B9B-435D-93A4-4AC72C23555A}.Debug|x86.Build.0 = Debug|Win32
		{6CA1A3A1-4B9B-435D-93A4-4AC72C23555A}.Release|x64.ActiveCfg = Release|x64
		{6CA1A3A1-4B9B-435D-93A4-4AC72C23555A}.Release|x64.Build.0 = Release|x64
		{6CA1A3A1-4B9B-435D-93A4-4AC72C23555A}.Release|x86.ActiveCfg = Release|Win32
		{6CA1A3A1-4B9B-435D-93A4-4AC72C23555A}.Release|x86.Build.0 = Release|Win32
		{681E2809-55DE-4553-BF6E-5AD58E168764}.Debug|x64.ActiveCfg = Debug|x64
		{681E2809-55DE-4553-BF6E-5AD58E168764}.Debug|x64.Build.0 = Debug|x64
		{681E2809-55DE-4553-BF6E-5AD58E168764}.Debug|x86.ActiveCfg = Debug|Win32
		{681E2809-55DE-4553-BF6E-5AD58E168764}.Debug|x86.Build.0 = Debug|Win32
		{681E2809-55DE-4553-BF6E-5AD58E168764}.Release|x64.ActiveCfg = Release|x64
		{681E2809-55DE-4553-BF6E-5AD58E168764}.Release|x64.Build.0 = Release|x64
		{681E2809-55DE-4553-BF6E-5AD58E168764}.Release|x86.ActiveCfg = Release|Win32
		{681E2809-55DE-4553-BF6E-5AD58E168764}.Release|x86.Build.0 = Release|Win32
		{3BE773B5-6CC6-4D3A-865E-FE3510BF194E}.Debug|x64.ActiveCfg = Debug|x64
		{3BE773B5-6CC6-4D3A-865E-FE3510BF194E}.Debug|x64.Build.0 = Debug|x64
		{3BE773B5-6CC6-4D3A-865E-FE3510BF194E}.Debug|x86.ActiveCfg = Debug|Win32
		{3BE773B5-6CC6-4D3A-865E-FE3510BF194E}.Debug|x86.Build.0 = Debug|Win32
		{3BE773B5-6CC6-4D3A-865E-FE3510BF194E}.Release|x64.ActiveCfg = Release|x64
		{3BE773B5-6CC6-4D3A-865E-FE3510BF194E}.Release|x64.Build.0 = Release|x64
		{3BE773B5-6CC6-4D3A-865E-FE3510BF194E}.Release|x86.ActiveCfg = Release|Win32
		{3BE773B5-6CC6-4D3A-865E-FE3510BF194E}.Release|x86.Build.0 = Release|Win32
		{AFF7E4EC-2B77-457D-AA97-FFD1271CF95D}.Debug|x64.ActiveCfg = Debug|x64
		{AFF7E4EC-2B77-457D-AA97-FFD1271CF95D}.Debug|x64.Build.0 = Debug|x64
		{AFF7E4EC-2B77-457D-AA97-FFD1271CF95D}.Debug|x86.ActiveCfg = Debug|Win32
		{AFF7E4EC-2B77-457D-AA97-FFD1271CF95D}.Debug|x86.Build.0 = Debug|Win32
		{AFF7E4EC-2B77-457D-AA97-FFD1271CF95D}.Release|x64.ActiveCfg = Release|x64
		{AFF7E4EC-2B77-457D-AA97-FFD1271CF95D}.Release|x64.Build.0 = Release|x64
		{AFF7E4EC-2B77-457D-AA97-FFD1271CF95D}.Release|x86.ActiveCfg = Release|Win32
		{AFF7E4EC-2B77-457D-AA97-FFD1271CF95D}.Release|x86.Build.0 = Release|Win32
		{764A7D4E-5177-441B-AF27-C926D1BFEDE0}.Debug|x64.ActiveCfg = Debug|x64
		{764A7D4E-5177-441B-AF27-C926D1BFEDE0}.Debug|x64.Build.0 = Debug|x64
		{764A7D4E-5177-441B-AF27-C926D1BFEDE0}.Debug|x86.ActiveCfg = Debug|Win32
		{764A7D4E-5177-441B-AF27-C926D1BFEDE0}.Debug|x86.Build.0 = Debug|Win32
		{764A7D4E-5177-441B-AF27-C926D1BFEDE0}.Release|x64.ActiveCfg = Release|x64
		{764A7D4E-5177-441B-AF27-C926D1BFEDE0}.Release|x64.Build.0 = Release|x64
		{764A7D4E-5177-441B-AF27-C926D1BFEDE0}.Release|x86.ActiveCfg = Release|Win32
		{764A7D4E-5177-441B-AF27-C926D1BFEDE0}.Release|x86.Build.0 = Release|Win32
		{E992BC0F-1DFF-4A03-8955-56201928920E}.Debug|x64.ActiveCfg = Debug|x64
		{E992BC0F-1DFF-4A03-8955-56201928920E}.Debug|x64.Build.0 = Debug|x64
		{E992BC0F-1DFF-4A03-8955-56201928920E}.Debug|x86.ActiveCfg = Debug|Win32
		{E992BC0F-1DFF-4A03-8955-56201928920E}.Debug|x86.Build.0 = Debug|Win32
		{E992BC0F-1DFF-4A03-8955-56201928920E}.Release|x64.ActiveCfg = Release|x64
		{E992BC0F-1DFF-4A03-8955-56201928920E}.Release|x64.Build.0 = Release|x64
		{E992BC0F-1DFF-4A03-8955-56201928920E}.Release|x86.ActiveCfg = Release|Win32
		{E992BC0F-1DFF-4A03-8955-56201928920E}.Release|x86.Build.0 = Release|Win32
		{D47EA6C7-BE67-4BDF-ADFC-4F846D925375}.Debug|x64.ActiveCfg = Debug|x64
		{D47EA6C7-BE67-4BDF-ADFC-4F846D925375}.Debug|x64.Build.0 = Debug|x64
		{D47EA6C7-BE67-4BDF-ADFC-4F846D925375}.Debug|x86.ActiveCfg = Debug|Win32
		{D47EA6C7-BE67-4BDF-ADFC-4F846D925375}.Debug|x86.Build.0 = Debug|Win32
		{D47EA6C7-BE67-4BDF-ADFC-4F846D925375}.Release|x64.ActiveCfg = Release|x64
		{D47EA6C7-BE67-4BDF-ADFC-4F846D925375}.Release|x64.Build.0 = Release|x64
		{D47EA6C7-BE67-4BDF-ADFC-4F846D925375}.Release|x86.ActiveCfg = Release|Win32
		{D47EA6C7-BE67-4BDF-ADFC-4F846D925375}.Release|x86.Build.0 = Release|Win32
	EndGlobalSection
	GlobalSection(SolutionProperties) = preSolution
		HideSolutionNode = FALSE
	EndGlobalSection
	GlobalSection(ExtensibilityGlobals) = postSolution
		SolutionGuid = {A794DAA6-0F1A-4C3D-A257-B8055A06934D}
	EndGlobalSection
EndGlobal
