
Microsoft Visual Studio Solution File, Format Version 12.00
# Visual Studio Version 17
VisualStudioVersion = 17.2.32616.157
MinimumVisualStudioVersion = 10.0.40219.1
Project("{8BC9CEB8-8B4A-11D0-8D11-00A0C91BC942}") = "Exercise1", "Exercise1\Exercise1.vcxproj", "{F0C33BB8-895D-4028-A0E9-0A68402033F6}"
EndProject
Project("{8BC9CEB8-8B4A-11D0-8D11-00A0C91BC942}") = "Exercise2", "Exercise2\Exercise2.vcxproj", "{7C0CEDB6-E3AE-47F9-9006-CF22DFF7A014}"
EndProject
Project("{8BC9CEB8-8B4A-11D0-8D11-00A0C91BC942}") = "Exercise3", "Exercise3\Exercise3.vcxproj", "{7E1C44C5-011F-4478-B1A2-5817CBD75AC4}"
EndProject
Project("{8BC9CEB8-8B4A-11D0-8D11-00A0C91BC942}") = "Exercise4", "Exercise4\Exercise4.vcxproj", "{73019960-60B6-42D2-B413-D9415F9D144B}"
EndProject
Project("{8BC9CEB8-8B4A-11D0-8D11-00A0C91BC942}") = "Exercise5", "Exercise5\Exercise5.vcxproj", "{84175E76-5C15-4770-A45B-28B146167979}"
EndProject
Project("{8BC9CEB8-8B4A-11D0-8D11-00A0C91BC942}") = "Exercise10", "Exercise10\Exercise10.vcxproj", "{3092F98E-A336-4E14-8F25-20A5D38935EC}"
EndProject
Global
	GlobalSection(SolutionConfigurationPlatforms) = preSolution
		Debug|x64 = Debug|x64
		Debug|x86 = Debug|x86
		Release|x64 = Release|x64
		Release|x86 = Release|x86
	EndGlobalSection
	GlobalSection(ProjectConfigurationPlatforms) = postSolution
		{F0C33BB8-895D-4028-A0E9-0A68402033F6}.Debug|x64.ActiveCfg = Debug|x64
		{F0C33BB8-895D-4028-A0E9-0A68402033F6}.Debug|x64.Build.0 = Debug|x64
		{F0C33BB8-895D-4028-A0E9-0A68402033F6}.Debug|x86.ActiveCfg = Debug|Win32
		{F0C33BB8-895D-4028-A0E9-0A68402033F6}.Debug|x86.Build.0 = Debug|Win32
		{F0C33BB8-895D-4028-A0E9-0A68402033F6}.Release|x64.ActiveCfg = Release|x64
		{F0C33BB8-895D-4028-A0E9-0A68402033F6}.Release|x64.Build.0 = Release|x64
		{F0C33BB8-895D-4028-A0E9-0A68402033F6}.Release|x86.ActiveCfg = Release|Win32
		{F0C33BB8-895D-4028-A0E9-0A68402033F6}.Release|x86.Build.0 = Release|Win32
		{7C0CEDB6-E3AE-47F9-9006-CF22DFF7A014}.Debug|x64.ActiveCfg = Debug|x64
		{7C0CEDB6-E3AE-47F9-9006-CF22DFF7A014}.Debug|x64.Build.0 = Debug|x64
		{7C0CEDB6-E3AE-47F9-9006-CF22DFF7A014}.Debug|x86.ActiveCfg = Debug|Win32
		{7C0CEDB6-E3AE-47F9-9006-CF22DFF7A014}.Debug|x86.Build.0 = Debug|Win32
		{7C0CEDB6-E3AE-47F9-9006-CF22DFF7A014}.Release|x64.ActiveCfg = Release|x64
		{7C0CEDB6-E3AE-47F9-9006-CF22DFF7A014}.Release|x64.Build.0 = Release|x64
		{7C0CEDB6-E3AE-47F9-9006-CF22DFF7A014}.Release|x86.ActiveCfg = Release|Win32
		{7C0CEDB6-E3AE-47F9-9006-CF22DFF7A014}.Release|x86.Build.0 = Release|Win32
		{7E1C44C5-011F-4478-B1A2-5817CBD75AC4}.Debug|x64.ActiveCfg = Debug|x64
		{7E1C44C5-011F-4478-B1A2-5817CBD75AC4}.Debug|x64.Build.0 = Debug|x64
		{7E1C44C5-011F-4478-B1A2-5817CBD75AC4}.Debug|x86.ActiveCfg = Debug|Win32
		{7E1C44C5-011F-4478-B1A2-5817CBD75AC4}.Debug|x86.Build.0 = Debug|Win32
		{7E1C44C5-011F-4478-B1A2-5817CBD75AC4}.Release|x64.ActiveCfg = Release|x64
		{7E1C44C5-011F-4478-B1A2-5817CBD75AC4}.Release|x64.Build.0 = Release|x64
		{7E1C44C5-011F-4478-B1A2-5817CBD75AC4}.Release|x86.ActiveCfg = Release|Win32
		{7E1C44C5-011F-4478-B1A2-5817CBD75AC4}.Release|x86.Build.0 = Release|Win32
		{73019960-60B6-42D2-B413-D9415F9D144B}.Debug|x64.ActiveCfg = Debug|x64
		{73019960-60B6-42D2-B413-D9415F9D144B}.Debug|x64.Build.0 = Debug|x64
		{73019960-60B6-42D2-B413-D9415F9D144B}.Debug|x86.ActiveCfg = Debug|Win32
		{73019960-60B6-42D2-B413-D9415F9D144B}.Debug|x86.Build.0 = Debug|Win32
		{73019960-60B6-42D2-B413-D9415F9D144B}.Release|x64.ActiveCfg = Release|x64
		{73019960-60B6-42D2-B413-D9415F9D144B}.Release|x64.Build.0 = Release|x64
		{73019960-60B6-42D2-B413-D9415F9D144B}.Release|x86.ActiveCfg = Release|Win32
		{73019960-60B6-42D2-B413-D9415F9D144B}.Release|x86.Build.0 = Release|Win32
		{84175E76-5C15-4770-A45B-28B146167979}.Debug|x64.ActiveCfg = Debug|x64
		{84175E76-5C15-4770-A45B-28B146167979}.Debug|x64.Build.0 = Debug|x64
		{84175E76-5C15-4770-A45B-28B146167979}.Debug|x86.ActiveCfg = Debug|Win32
		{84175E76-5C15-4770-A45B-28B146167979}.Debug|x86.Build.0 = Debug|Win32
		{84175E76-5C15-4770-A45B-28B146167979}.Release|x64.ActiveCfg = Release|x64
		{84175E76-5C15-4770-A45B-28B146167979}.Release|x64.Build.0 = Release|x64
		{84175E76-5C15-4770-A45B-28B146167979}.Release|x86.ActiveCfg = Release|Win32
		{84175E76-5C15-4770-A45B-28B146167979}.Release|x86.Build.0 = Release|Win32
		{3092F98E-A336-4E14-8F25-20A5D38935EC}.Debug|x64.ActiveCfg = Debug|x64
		{3092F98E-A336-4E14-8F25-20A5D38935EC}.Debug|x64.Build.0 = Debug|x64
		{3092F98E-A336-4E14-8F25-20A5D38935EC}.Debug|x86.ActiveCfg = Debug|Win32
		{3092F98E-A336-4E14-8F25-20A5D38935EC}.Debug|x86.Build.0 = Debug|Win32
		{3092F98E-A336-4E14-8F25-20A5D38935EC}.Release|x64.ActiveCfg = Release|x64
		{3092F98E-A336-4E14-8F25-20A5D38935EC}.Release|x64.Build.0 = Release|x64
		{3092F98E-A336-4E14-8F25-20A5D38935EC}.Release|x86.ActiveCfg = Release|Win32
		{3092F98E-A336-4E14-8F25-20A5D38935EC}.Release|x86.Build.0 = Release|Win32
	EndGlobalSection
	GlobalSection(SolutionProperties) = preSolution
		HideSolutionNode = FALSE
	EndGlobalSection
	GlobalSection(ExtensibilityGlobals) = postSolution
		SolutionGuid = {668EF2DC-37B6-446A-9BFC-87747619F452}
	EndGlobalSection
EndGlobal
